// !$*UTF8*$!
{
	archiveVersion = 1;
	classes = {
	};
	objectVersion = 46;
	objects = {

/* Begin PBXBuildFile section */
		D72795E41BC84907001B6587 /* TourProvider.swift in Sources */ = {isa = PBXBuildFile; fileRef = D72795E31BC84907001B6587 /* TourProvider.swift */; settings = {ASSET_TAGS = (); }; };
		D72795E61BC84BF3001B6587 /* TourPackage.swift in Sources */ = {isa = PBXBuildFile; fileRef = D72795E51BC84BF3001B6587 /* TourPackage.swift */; settings = {ASSET_TAGS = (); }; };
		D72795EA1BC84F4A001B6587 /* TourDestination.swift in Sources */ = {isa = PBXBuildFile; fileRef = D72795E91BC84F4A001B6587 /* TourDestination.swift */; settings = {ASSET_TAGS = (); }; };
		D72795F01BC85743001B6587 /* TestPhRegion.swift in Sources */ = {isa = PBXBuildFile; fileRef = D72795EF1BC85743001B6587 /* TestPhRegion.swift */; settings = {ASSET_TAGS = (); }; };
		D72795F21BC85C1D001B6587 /* TestPhProvince.swift in Sources */ = {isa = PBXBuildFile; fileRef = D72795F11BC85C1D001B6587 /* TestPhProvince.swift */; settings = {ASSET_TAGS = (); }; };
		D72C9FB61BBF07A200044CD7 /* AppDelegate.swift in Sources */ = {isa = PBXBuildFile; fileRef = D72C9FB51BBF07A200044CD7 /* AppDelegate.swift */; };
		D72C9FB81BBF07A200044CD7 /* ViewController.swift in Sources */ = {isa = PBXBuildFile; fileRef = D72C9FB71BBF07A200044CD7 /* ViewController.swift */; };
		D72C9FBB1BBF07A200044CD7 /* Main.storyboard in Resources */ = {isa = PBXBuildFile; fileRef = D72C9FB91BBF07A200044CD7 /* Main.storyboard */; };
		D72C9FBD1BBF07A200044CD7 /* Assets.xcassets in Resources */ = {isa = PBXBuildFile; fileRef = D72C9FBC1BBF07A200044CD7 /* Assets.xcassets */; };
		D72C9FC01BBF07A200044CD7 /* LaunchScreen.storyboard in Resources */ = {isa = PBXBuildFile; fileRef = D72C9FBE1BBF07A200044CD7 /* LaunchScreen.storyboard */; };
		D72C9FCB1BBF07A200044CD7 /* TouristaTests.swift in Sources */ = {isa = PBXBuildFile; fileRef = D72C9FCA1BBF07A200044CD7 /* TouristaTests.swift */; };
		D72C9FD61BBF07A200044CD7 /* TouristaUITests.swift in Sources */ = {isa = PBXBuildFile; fileRef = D72C9FD51BBF07A200044CD7 /* TouristaUITests.swift */; };
		D72C9FE41BBF08A500044CD7 /* PhAddress.swift in Sources */ = {isa = PBXBuildFile; fileRef = D72C9FE31BBF08A500044CD7 /* PhAddress.swift */; settings = {ASSET_TAGS = (); }; };
		D72C9FE71BBF09C800044CD7 /* PhAddressTests.swift in Sources */ = {isa = PBXBuildFile; fileRef = D72C9FE61BBF09C800044CD7 /* PhAddressTests.swift */; settings = {ASSET_TAGS = (); }; };
		D72C9FE91BBF28F200044CD7 /* PhRegion.swift in Sources */ = {isa = PBXBuildFile; fileRef = D72C9FE81BBF28F200044CD7 /* PhRegion.swift */; settings = {ASSET_TAGS = (); }; };
		D775BCCE1BC8628D002652D1 /* TestPhCity.swift in Sources */ = {isa = PBXBuildFile; fileRef = D775BCCD1BC8628D002652D1 /* TestPhCity.swift */; settings = {ASSET_TAGS = (); }; };
		D7CC40231BCDA2640038CF0E /* TestTourDestination.swift in Sources */ = {isa = PBXBuildFile; fileRef = D7CC40221BCDA2640038CF0E /* TestTourDestination.swift */; settings = {ASSET_TAGS = (); }; };
		D7D990B11BC4628700FFDFAC /* PhProvince.swift in Sources */ = {isa = PBXBuildFile; fileRef = D7D990B01BC4628700FFDFAC /* PhProvince.swift */; settings = {ASSET_TAGS = (); }; };
		D7D990B31BC465C900FFDFAC /* PhCity.swift in Sources */ = {isa = PBXBuildFile; fileRef = D7D990B21BC465C900FFDFAC /* PhCity.swift */; settings = {ASSET_TAGS = (); }; };
		D7F524BE1BCEAF3300B84A18 /* TourManager.swift in Sources */ = {isa = PBXBuildFile; fileRef = D7F524BD1BCEAF3300B84A18 /* TourManager.swift */; settings = {ASSET_TAGS = (); }; };
		D7F524C01BCEE83600B84A18 /* PhMunicipality.swift in Sources */ = {isa = PBXBuildFile; fileRef = D7F524BF1BCEE83600B84A18 /* PhMunicipality.swift */; settings = {ASSET_TAGS = (); }; };
		D9B3D02B1BCDCA6B00C0B9AE /* TestTourPackage.swift in Sources */ = {isa = PBXBuildFile; fileRef = D9B3D02A1BCDCA6B00C0B9AE /* TestTourPackage.swift */; settings = {ASSET_TAGS = (); }; };
		D9B3D02D1BCDCD6000C0B9AE /* TestTourProvider.swift in Sources */ = {isa = PBXBuildFile; fileRef = D9B3D02C1BCDCD6000C0B9AE /* TestTourProvider.swift */; settings = {ASSET_TAGS = (); }; };
		D9B3D0301BCDD12B00C0B9AE /* SwiftyJSON.swift in Sources */ = {isa = PBXBuildFile; fileRef = D9B3D02F1BCDD12B00C0B9AE /* SwiftyJSON.swift */; settings = {ASSET_TAGS = (); }; };
/* End PBXBuildFile section */

/* Begin PBXContainerItemProxy section */
		D72C9FC71BBF07A200044CD7 /* PBXContainerItemProxy */ = {
			isa = PBXContainerItemProxy;
			containerPortal = D72C9FAA1BBF07A200044CD7 /* Project object */;
			proxyType = 1;
			remoteGlobalIDString = D72C9FB11BBF07A200044CD7;
			remoteInfo = Tourista;
		};
		D72C9FD21BBF07A200044CD7 /* PBXContainerItemProxy */ = {
			isa = PBXContainerItemProxy;
			containerPortal = D72C9FAA1BBF07A200044CD7 /* Project object */;
			proxyType = 1;
			remoteGlobalIDString = D72C9FB11BBF07A200044CD7;
			remoteInfo = Tourista;
		};
/* End PBXContainerItemProxy section */

/* Begin PBXFileReference section */
		D72795E31BC84907001B6587 /* TourProvider.swift */ = {isa = PBXFileReference; fileEncoding = 4; lastKnownFileType = sourcecode.swift; path = TourProvider.swift; sourceTree = "<group>"; };
		D72795E51BC84BF3001B6587 /* TourPackage.swift */ = {isa = PBXFileReference; fileEncoding = 4; lastKnownFileType = sourcecode.swift; path = TourPackage.swift; sourceTree = "<group>"; };
		D72795E91BC84F4A001B6587 /* TourDestination.swift */ = {isa = PBXFileReference; fileEncoding = 4; lastKnownFileType = sourcecode.swift; path = TourDestination.swift; sourceTree = "<group>"; };
		D72795EF1BC85743001B6587 /* TestPhRegion.swift */ = {isa = PBXFileReference; fileEncoding = 4; lastKnownFileType = sourcecode.swift; path = TestPhRegion.swift; sourceTree = "<group>"; };
		D72795F11BC85C1D001B6587 /* TestPhProvince.swift */ = {isa = PBXFileReference; fileEncoding = 4; lastKnownFileType = sourcecode.swift; path = TestPhProvince.swift; sourceTree = "<group>"; };
		D72C9FB21BBF07A200044CD7 /* Tourista.app */ = {isa = PBXFileReference; explicitFileType = wrapper.application; includeInIndex = 0; path = Tourista.app; sourceTree = BUILT_PRODUCTS_DIR; };
		D72C9FB51BBF07A200044CD7 /* AppDelegate.swift */ = {isa = PBXFileReference; lastKnownFileType = sourcecode.swift; path = AppDelegate.swift; sourceTree = "<group>"; };
		D72C9FB71BBF07A200044CD7 /* ViewController.swift */ = {isa = PBXFileReference; lastKnownFileType = sourcecode.swift; path = ViewController.swift; sourceTree = "<group>"; };
		D72C9FBA1BBF07A200044CD7 /* Base */ = {isa = PBXFileReference; lastKnownFileType = file.storyboard; name = Base; path = Base.lproj/Main.storyboard; sourceTree = "<group>"; };
		D72C9FBC1BBF07A200044CD7 /* Assets.xcassets */ = {isa = PBXFileReference; lastKnownFileType = folder.assetcatalog; path = Assets.xcassets; sourceTree = "<group>"; };
		D72C9FBF1BBF07A200044CD7 /* Base */ = {isa = PBXFileReference; lastKnownFileType = file.storyboard; name = Base; path = Base.lproj/LaunchScreen.storyboard; sourceTree = "<group>"; };
		D72C9FC11BBF07A200044CD7 /* Info.plist */ = {isa = PBXFileReference; lastKnownFileType = text.plist.xml; path = Info.plist; sourceTree = "<group>"; };
		D72C9FC61BBF07A200044CD7 /* TouristaTests.xctest */ = {isa = PBXFileReference; explicitFileType = wrapper.cfbundle; includeInIndex = 0; path = TouristaTests.xctest; sourceTree = BUILT_PRODUCTS_DIR; };
		D72C9FCA1BBF07A200044CD7 /* TouristaTests.swift */ = {isa = PBXFileReference; lastKnownFileType = sourcecode.swift; path = TouristaTests.swift; sourceTree = "<group>"; };
		D72C9FCC1BBF07A200044CD7 /* Info.plist */ = {isa = PBXFileReference; lastKnownFileType = text.plist.xml; path = Info.plist; sourceTree = "<group>"; };
		D72C9FD11BBF07A200044CD7 /* TouristaUITests.xctest */ = {isa = PBXFileReference; explicitFileType = wrapper.cfbundle; includeInIndex = 0; path = TouristaUITests.xctest; sourceTree = BUILT_PRODUCTS_DIR; };
		D72C9FD51BBF07A200044CD7 /* TouristaUITests.swift */ = {isa = PBXFileReference; lastKnownFileType = sourcecode.swift; path = TouristaUITests.swift; sourceTree = "<group>"; };
		D72C9FD71BBF07A200044CD7 /* Info.plist */ = {isa = PBXFileReference; lastKnownFileType = text.plist.xml; path = Info.plist; sourceTree = "<group>"; };
		D72C9FE31BBF08A500044CD7 /* PhAddress.swift */ = {isa = PBXFileReference; fileEncoding = 4; lastKnownFileType = sourcecode.swift; path = PhAddress.swift; sourceTree = "<group>"; };
		D72C9FE61BBF09C800044CD7 /* PhAddressTests.swift */ = {isa = PBXFileReference; fileEncoding = 4; lastKnownFileType = sourcecode.swift; path = PhAddressTests.swift; sourceTree = "<group>"; };
		D72C9FE81BBF28F200044CD7 /* PhRegion.swift */ = {isa = PBXFileReference; fileEncoding = 4; lastKnownFileType = sourcecode.swift; path = PhRegion.swift; sourceTree = "<group>"; };
		D775BCCD1BC8628D002652D1 /* TestPhCity.swift */ = {isa = PBXFileReference; fileEncoding = 4; lastKnownFileType = sourcecode.swift; path = TestPhCity.swift; sourceTree = "<group>"; };
		D7CC40221BCDA2640038CF0E /* TestTourDestination.swift */ = {isa = PBXFileReference; fileEncoding = 4; lastKnownFileType = sourcecode.swift; path = TestTourDestination.swift; sourceTree = "<group>"; };
		D7D990B01BC4628700FFDFAC /* PhProvince.swift */ = {isa = PBXFileReference; fileEncoding = 4; lastKnownFileType = sourcecode.swift; path = PhProvince.swift; sourceTree = "<group>"; };
		D7D990B21BC465C900FFDFAC /* PhCity.swift */ = {isa = PBXFileReference; fileEncoding = 4; lastKnownFileType = sourcecode.swift; path = PhCity.swift; sourceTree = "<group>"; };
		D7F524BD1BCEAF3300B84A18 /* TourManager.swift */ = {isa = PBXFileReference; fileEncoding = 4; lastKnownFileType = sourcecode.swift; path = TourManager.swift; sourceTree = "<group>"; };
		D7F524BF1BCEE83600B84A18 /* PhMunicipality.swift */ = {isa = PBXFileReference; fileEncoding = 4; lastKnownFileType = sourcecode.swift; path = PhMunicipality.swift; sourceTree = "<group>"; };
		D9B3D02A1BCDCA6B00C0B9AE /* TestTourPackage.swift */ = {isa = PBXFileReference; fileEncoding = 4; lastKnownFileType = sourcecode.swift; path = TestTourPackage.swift; sourceTree = "<group>"; };
		D9B3D02C1BCDCD6000C0B9AE /* TestTourProvider.swift */ = {isa = PBXFileReference; fileEncoding = 4; lastKnownFileType = sourcecode.swift; path = TestTourProvider.swift; sourceTree = "<group>"; };
		D9B3D02F1BCDD12B00C0B9AE /* SwiftyJSON.swift */ = {isa = PBXFileReference; fileEncoding = 4; lastKnownFileType = sourcecode.swift; name = SwiftyJSON.swift; path = SwiftyJSON/Source/SwiftyJSON.swift; sourceTree = "<group>"; };
/* End PBXFileReference section */

/* Begin PBXFrameworksBuildPhase section */
		D72C9FAF1BBF07A200044CD7 /* Frameworks */ = {
			isa = PBXFrameworksBuildPhase;
			buildActionMask = 2147483647;
			files = (
			);
			runOnlyForDeploymentPostprocessing = 0;
		};
		D72C9FC31BBF07A200044CD7 /* Frameworks */ = {
			isa = PBXFrameworksBuildPhase;
			buildActionMask = 2147483647;
			files = (
			);
			runOnlyForDeploymentPostprocessing = 0;
		};
		D72C9FCE1BBF07A200044CD7 /* Frameworks */ = {
			isa = PBXFrameworksBuildPhase;
			buildActionMask = 2147483647;
			files = (
			);
			runOnlyForDeploymentPostprocessing = 0;
		};
/* End PBXFrameworksBuildPhase section */

/* Begin PBXGroup section */
		D72795E01BC84774001B6587 /* Tour */ = {
			isa = PBXGroup;
			children = (
				D72795E31BC84907001B6587 /* TourProvider.swift */,
				D72795E51BC84BF3001B6587 /* TourPackage.swift */,
				D72795E91BC84F4A001B6587 /* TourDestination.swift */,
			);
			name = Tour;
			sourceTree = "<group>";
		};
		D72C9FA91BBF07A200044CD7 = {
			isa = PBXGroup;
			children = (
				D72C9FB41BBF07A200044CD7 /* Tourista */,
				D72C9FC91BBF07A200044CD7 /* TouristaTests */,
				D72C9FD41BBF07A200044CD7 /* TouristaUITests */,
				D72C9FB31BBF07A200044CD7 /* Products */,
				D9B3D02E1BCDD10900C0B9AE /* SwiftyJSON */,
			);
			sourceTree = "<group>";
		};
		D72C9FB31BBF07A200044CD7 /* Products */ = {
			isa = PBXGroup;
			children = (
				D72C9FB21BBF07A200044CD7 /* Tourista.app */,
				D72C9FC61BBF07A200044CD7 /* TouristaTests.xctest */,
				D72C9FD11BBF07A200044CD7 /* TouristaUITests.xctest */,
			);
			name = Products;
			sourceTree = "<group>";
		};
		D72C9FB41BBF07A200044CD7 /* Tourista */ = {
			isa = PBXGroup;
			children = (
				D7F524BC1BCEAF1B00B84A18 /* Mock */,
				D72795E01BC84774001B6587 /* Tour */,
				D72C9FE51BBF08AB00044CD7 /* PhAddress */,
				D72C9FB51BBF07A200044CD7 /* AppDelegate.swift */,
				D72C9FB71BBF07A200044CD7 /* ViewController.swift */,
				D72C9FB91BBF07A200044CD7 /* Main.storyboard */,
				D72C9FBC1BBF07A200044CD7 /* Assets.xcassets */,
				D72C9FBE1BBF07A200044CD7 /* LaunchScreen.storyboard */,
				D72C9FC11BBF07A200044CD7 /* Info.plist */,
			);
			path = Tourista;
			sourceTree = "<group>";
		};
		D72C9FC91BBF07A200044CD7 /* TouristaTests */ = {
			isa = PBXGroup;
			children = (
				D9B3D02C1BCDCD6000C0B9AE /* TestTourProvider.swift */,
				D9B3D02A1BCDCA6B00C0B9AE /* TestTourPackage.swift */,
				D7CC40221BCDA2640038CF0E /* TestTourDestination.swift */,
				D775BCCD1BC8628D002652D1 /* TestPhCity.swift */,
				D72795F11BC85C1D001B6587 /* TestPhProvince.swift */,
				D72795EF1BC85743001B6587 /* TestPhRegion.swift */,
				D72C9FCA1BBF07A200044CD7 /* TouristaTests.swift */,
				D72C9FE61BBF09C800044CD7 /* PhAddressTests.swift */,
				D72C9FCC1BBF07A200044CD7 /* Info.plist */,
			);
			path = TouristaTests;
			sourceTree = "<group>";
		};
		D72C9FD41BBF07A200044CD7 /* TouristaUITests */ = {
			isa = PBXGroup;
			children = (
				D72C9FD51BBF07A200044CD7 /* TouristaUITests.swift */,
				D72C9FD71BBF07A200044CD7 /* Info.plist */,
			);
			path = TouristaUITests;
			sourceTree = "<group>";
		};
		D72C9FE51BBF08AB00044CD7 /* PhAddress */ = {
			isa = PBXGroup;
			children = (
				D72C9FE31BBF08A500044CD7 /* PhAddress.swift */,
				D72C9FE81BBF28F200044CD7 /* PhRegion.swift */,
				D7D990B01BC4628700FFDFAC /* PhProvince.swift */,
				D7D990B21BC465C900FFDFAC /* PhCity.swift */,
				D7F524BF1BCEE83600B84A18 /* PhMunicipality.swift */,
			);
			name = PhAddress;
			sourceTree = "<group>";
		};
		D7F524BC1BCEAF1B00B84A18 /* Mock */ = {
			isa = PBXGroup;
			children = (
				D7F524BD1BCEAF3300B84A18 /* TourManager.swift */,
			);
			name = Mock;
			sourceTree = "<group>";
		};
		D9B3D02E1BCDD10900C0B9AE /* SwiftyJSON */ = {
			isa = PBXGroup;
			children = (
				D9B3D02F1BCDD12B00C0B9AE /* SwiftyJSON.swift */,
			);
			name = SwiftyJSON;
			sourceTree = "<group>";
		};
/* End PBXGroup section */

/* Begin PBXNativeTarget section */
		D72C9FB11BBF07A200044CD7 /* Tourista */ = {
			isa = PBXNativeTarget;
			buildConfigurationList = D72C9FDA1BBF07A200044CD7 /* Build configuration list for PBXNativeTarget "Tourista" */;
			buildPhases = (
				D72C9FAE1BBF07A200044CD7 /* Sources */,
				D72C9FAF1BBF07A200044CD7 /* Frameworks */,
				D72C9FB01BBF07A200044CD7 /* Resources */,
			);
			buildRules = (
			);
			dependencies = (
			);
			name = Tourista;
			productName = Tourista;
			productReference = D72C9FB21BBF07A200044CD7 /* Tourista.app */;
			productType = "com.apple.product-type.application";
		};
		D72C9FC51BBF07A200044CD7 /* TouristaTests */ = {
			isa = PBXNativeTarget;
			buildConfigurationList = D72C9FDD1BBF07A200044CD7 /* Build configuration list for PBXNativeTarget "TouristaTests" */;
			buildPhases = (
				D72C9FC21BBF07A200044CD7 /* Sources */,
				D72C9FC31BBF07A200044CD7 /* Frameworks */,
				D72C9FC41BBF07A200044CD7 /* Resources */,
			);
			buildRules = (
			);
			dependencies = (
				D72C9FC81BBF07A200044CD7 /* PBXTargetDependency */,
			);
			name = TouristaTests;
			productName = TouristaTests;
			productReference = D72C9FC61BBF07A200044CD7 /* TouristaTests.xctest */;
			productType = "com.apple.product-type.bundle.unit-test";
		};
		D72C9FD01BBF07A200044CD7 /* TouristaUITests */ = {
			isa = PBXNativeTarget;
			buildConfigurationList = D72C9FE01BBF07A200044CD7 /* Build configuration list for PBXNativeTarget "TouristaUITests" */;
			buildPhases = (
				D72C9FCD1BBF07A200044CD7 /* Sources */,
				D72C9FCE1BBF07A200044CD7 /* Frameworks */,
				D72C9FCF1BBF07A200044CD7 /* Resources */,
			);
			buildRules = (
			);
			dependencies = (
				D72C9FD31BBF07A200044CD7 /* PBXTargetDependency */,
			);
			name = TouristaUITests;
			productName = TouristaUITests;
			productReference = D72C9FD11BBF07A200044CD7 /* TouristaUITests.xctest */;
			productType = "com.apple.product-type.bundle.ui-testing";
		};
/* End PBXNativeTarget section */

/* Begin PBXProject section */
		D72C9FAA1BBF07A200044CD7 /* Project object */ = {
			isa = PBXProject;
			attributes = {
				LastUpgradeCheck = 0700;
				ORGANIZATIONNAME = pinunofuentes;
				TargetAttributes = {
					D72C9FB11BBF07A200044CD7 = {
						CreatedOnToolsVersion = 7.0;
					};
					D72C9FC51BBF07A200044CD7 = {
						CreatedOnToolsVersion = 7.0;
						TestTargetID = D72C9FB11BBF07A200044CD7;
					};
					D72C9FD01BBF07A200044CD7 = {
						CreatedOnToolsVersion = 7.0;
						TestTargetID = D72C9FB11BBF07A200044CD7;
					};
				};
			};
			buildConfigurationList = D72C9FAD1BBF07A200044CD7 /* Build configuration list for PBXProject "Tourista" */;
			compatibilityVersion = "Xcode 3.2";
			developmentRegion = English;
			hasScannedForEncodings = 0;
			knownRegions = (
				en,
				Base,
			);
			mainGroup = D72C9FA91BBF07A200044CD7;
			productRefGroup = D72C9FB31BBF07A200044CD7 /* Products */;
			projectDirPath = "";
			projectRoot = "";
			targets = (
				D72C9FB11BBF07A200044CD7 /* Tourista */,
				D72C9FC51BBF07A200044CD7 /* TouristaTests */,
				D72C9FD01BBF07A200044CD7 /* TouristaUITests */,
			);
		};
/* End PBXProject section */

/* Begin PBXResourcesBuildPhase section */
		D72C9FB01BBF07A200044CD7 /* Resources */ = {
			isa = PBXResourcesBuildPhase;
			buildActionMask = 2147483647;
			files = (
				D72C9FC01BBF07A200044CD7 /* LaunchScreen.storyboard in Resources */,
				D72C9FBD1BBF07A200044CD7 /* Assets.xcassets in Resources */,
				D72C9FBB1BBF07A200044CD7 /* Main.storyboard in Resources */,
			);
			runOnlyForDeploymentPostprocessing = 0;
		};
		D72C9FC41BBF07A200044CD7 /* Resources */ = {
			isa = PBXResourcesBuildPhase;
			buildActionMask = 2147483647;
			files = (
			);
			runOnlyForDeploymentPostprocessing = 0;
		};
		D72C9FCF1BBF07A200044CD7 /* Resources */ = {
			isa = PBXResourcesBuildPhase;
			buildActionMask = 2147483647;
			files = (
			);
			runOnlyForDeploymentPostprocessing = 0;
		};
/* End PBXResourcesBuildPhase section */

/* Begin PBXSourcesBuildPhase section */
		D72C9FAE1BBF07A200044CD7 /* Sources */ = {
			isa = PBXSourcesBuildPhase;
			buildActionMask = 2147483647;
			files = (
				D72C9FB81BBF07A200044CD7 /* ViewController.swift in Sources */,
				D72C9FE91BBF28F200044CD7 /* PhRegion.swift in Sources */,
				D72795E61BC84BF3001B6587 /* TourPackage.swift in Sources */,
				D9B3D0301BCDD12B00C0B9AE /* SwiftyJSON.swift in Sources */,
				D7D990B31BC465C900FFDFAC /* PhCity.swift in Sources */,
				D72C9FE41BBF08A500044CD7 /* PhAddress.swift in Sources */,
				D72795EA1BC84F4A001B6587 /* TourDestination.swift in Sources */,
				D72795E41BC84907001B6587 /* TourProvider.swift in Sources */,
				D7D990B11BC4628700FFDFAC /* PhProvince.swift in Sources */,
				D72C9FB61BBF07A200044CD7 /* AppDelegate.swift in Sources */,
				D7F524BE1BCEAF3300B84A18 /* TourManager.swift in Sources */,
				D7F524C01BCEE83600B84A18 /* PhMunicipality.swift in Sources */,
			);
			runOnlyForDeploymentPostprocessing = 0;
		};
		D72C9FC21BBF07A200044CD7 /* Sources */ = {
			isa = PBXSourcesBuildPhase;
			buildActionMask = 2147483647;
			files = (
				D775BCCE1BC8628D002652D1 /* TestPhCity.swift in Sources */,
				D9B3D02B1BCDCA6B00C0B9AE /* TestTourPackage.swift in Sources */,
				D72C9FE71BBF09C800044CD7 /* PhAddressTests.swift in Sources */,
				D72795F21BC85C1D001B6587 /* TestPhProvince.swift in Sources */,
				D72C9FCB1BBF07A200044CD7 /* TouristaTests.swift in Sources */,
				D7CC40231BCDA2640038CF0E /* TestTourDestination.swift in Sources */,
				D9B3D02D1BCDCD6000C0B9AE /* TestTourProvider.swift in Sources */,
				D72795F01BC85743001B6587 /* TestPhRegion.swift in Sources */,
			);
			runOnlyForDeploymentPostprocessing = 0;
		};
		D72C9FCD1BBF07A200044CD7 /* Sources */ = {
			isa = PBXSourcesBuildPhase;
			buildActionMask = 2147483647;
			files = (
				D72C9FD61BBF07A200044CD7 /* TouristaUITests.swift in Sources */,
			);
			runOnlyForDeploymentPostprocessing = 0;
		};
/* End PBXSourcesBuildPhase section */

/* Begin PBXTargetDependency section */
		D72C9FC81BBF07A200044CD7 /* PBXTargetDependency */ = {
			isa = PBXTargetDependency;
			target = D72C9FB11BBF07A200044CD7 /* Tourista */;
			targetProxy = D72C9FC71BBF07A200044CD7 /* PBXContainerItemProxy */;
		};
		D72C9FD31BBF07A200044CD7 /* PBXTargetDependency */ = {
			isa = PBXTargetDependency;
			target = D72C9FB11BBF07A200044CD7 /* Tourista */;
			targetProxy = D72C9FD21BBF07A200044CD7 /* PBXContainerItemProxy */;
		};
/* End PBXTargetDependency section */

/* Begin PBXVariantGroup section */
		D72C9FB91BBF07A200044CD7 /* Main.storyboard */ = {
			isa = PBXVariantGroup;
			children = (
				D72C9FBA1BBF07A200044CD7 /* Base */,
			);
			name = Main.storyboard;
			sourceTree = "<group>";
		};
		D72C9FBE1BBF07A200044CD7 /* LaunchScreen.storyboard */ = {
			isa = PBXVariantGroup;
			children = (
				D72C9FBF1BBF07A200044CD7 /* Base */,
			);
			name = LaunchScreen.storyboard;
			sourceTree = "<group>";
		};
/* End PBXVariantGroup section */

/* Begin XCBuildConfiguration section */
		D72C9FD81BBF07A200044CD7 /* Debug */ = {
			isa = XCBuildConfiguration;
			buildSettings = {
				ALWAYS_SEARCH_USER_PATHS = NO;
				CLANG_CXX_LANGUAGE_STANDARD = "gnu++0x";
				CLANG_CXX_LIBRARY = "libc++";
				CLANG_ENABLE_MODULES = YES;
				CLANG_ENABLE_OBJC_ARC = YES;
				CLANG_WARN_BOOL_CONVERSION = YES;
				CLANG_WARN_CONSTANT_CONVERSION = YES;
				CLANG_WARN_DIRECT_OBJC_ISA_USAGE = YES_ERROR;
				CLANG_WARN_EMPTY_BODY = YES;
				CLANG_WARN_ENUM_CONVERSION = YES;
				CLANG_WARN_INT_CONVERSION = YES;
				CLANG_WARN_OBJC_ROOT_CLASS = YES_ERROR;
				CLANG_WARN_UNREACHABLE_CODE = YES;
				CLANG_WARN__DUPLICATE_METHOD_MATCH = YES;
				"CODE_SIGN_IDENTITY[sdk=iphoneos*]" = "iPhone Developer";
				COPY_PHASE_STRIP = NO;
				DEBUG_INFORMATION_FORMAT = dwarf;
				ENABLE_STRICT_OBJC_MSGSEND = YES;
				ENABLE_TESTABILITY = YES;
				GCC_C_LANGUAGE_STANDARD = gnu99;
				GCC_DYNAMIC_NO_PIC = NO;
				GCC_NO_COMMON_BLOCKS = YES;
				GCC_OPTIMIZATION_LEVEL = 0;
				GCC_PREPROCESSOR_DEFINITIONS = (
					"DEBUG=1",
					"$(inherited)",
				);
				GCC_WARN_64_TO_32_BIT_CONVERSION = YES;
				GCC_WARN_ABOUT_RETURN_TYPE = YES_ERROR;
				GCC_WARN_UNDECLARED_SELECTOR = YES;
				GCC_WARN_UNINITIALIZED_AUTOS = YES_AGGRESSIVE;
				GCC_WARN_UNUSED_FUNCTION = YES;
				GCC_WARN_UNUSED_VARIABLE = YES;
				IPHONEOS_DEPLOYMENT_TARGET = 9.0;
				MTL_ENABLE_DEBUG_INFO = YES;
				ONLY_ACTIVE_ARCH = YES;
				SDKROOT = iphoneos;
				SWIFT_OPTIMIZATION_LEVEL = "-Onone";
				TARGETED_DEVICE_FAMILY = "1,2";
			};
			name = Debug;
		};
		D72C9FD91BBF07A200044CD7 /* Release */ = {
			isa = XCBuildConfiguration;
			buildSettings = {
				ALWAYS_SEARCH_USER_PATHS = NO;
				CLANG_CXX_LANGUAGE_STANDARD = "gnu++0x";
				CLANG_CXX_LIBRARY = "libc++";
				CLANG_ENABLE_MODULES = YES;
				CLANG_ENABLE_OBJC_ARC = YES;
				CLANG_WARN_BOOL_CONVERSION = YES;
				CLANG_WARN_CONSTANT_CONVERSION = YES;
				CLANG_WARN_DIRECT_OBJC_ISA_USAGE = YES_ERROR;
				CLANG_WARN_EMPTY_BODY = YES;
				CLANG_WARN_ENUM_CONVERSION = YES;
				CLANG_WARN_INT_CONVERSION = YES;
				CLANG_WARN_OBJC_ROOT_CLASS = YES_ERROR;
				CLANG_WARN_UNREACHABLE_CODE = YES;
				CLANG_WARN__DUPLICATE_METHOD_MATCH = YES;
				"CODE_SIGN_IDENTITY[sdk=iphoneos*]" = "iPhone Developer";
				COPY_PHASE_STRIP = NO;
				DEBUG_INFORMATION_FORMAT = "dwarf-with-dsym";
				ENABLE_NS_ASSERTIONS = NO;
				ENABLE_STRICT_OBJC_MSGSEND = YES;
				GCC_C_LANGUAGE_STANDARD = gnu99;
				GCC_NO_COMMON_BLOCKS = YES;
				GCC_WARN_64_TO_32_BIT_CONVERSION = YES;
				GCC_WARN_ABOUT_RETURN_TYPE = YES_ERROR;
				GCC_WARN_UNDECLARED_SELECTOR = YES;
				GCC_WARN_UNINITIALIZED_AUTOS = YES_AGGRESSIVE;
				GCC_WARN_UNUSED_FUNCTION = YES;
				GCC_WARN_UNUSED_VARIABLE = YES;
				IPHONEOS_DEPLOYMENT_TARGET = 9.0;
				MTL_ENABLE_DEBUG_INFO = NO;
				SDKROOT = iphoneos;
				TARGETED_DEVICE_FAMILY = "1,2";
				VALIDATE_PRODUCT = YES;
			};
			name = Release;
		};
		D72C9FDB1BBF07A200044CD7 /* Debug */ = {
			isa = XCBuildConfiguration;
			buildSettings = {
				ASSETCATALOG_COMPILER_APPICON_NAME = AppIcon;
				INFOPLIST_FILE = Tourista/Info.plist;
				LD_RUNPATH_SEARCH_PATHS = "$(inherited) @executable_path/Frameworks";
				PRODUCT_BUNDLE_IDENTIFIER = org.pinunofuentes.Tourista;
				PRODUCT_NAME = "$(TARGET_NAME)";
			};
			name = Debug;
		};
		D72C9FDC1BBF07A200044CD7 /* Release */ = {
			isa = XCBuildConfiguration;
			buildSettings = {
				ASSETCATALOG_COMPILER_APPICON_NAME = AppIcon;
				INFOPLIST_FILE = Tourista/Info.plist;
				LD_RUNPATH_SEARCH_PATHS = "$(inherited) @executable_path/Frameworks";
				PRODUCT_BUNDLE_IDENTIFIER = org.pinunofuentes.Tourista;
				PRODUCT_NAME = "$(TARGET_NAME)";
			};
			name = Release;
		};
		D72C9FDE1BBF07A200044CD7 /* Debug */ = {
			isa = XCBuildConfiguration;
			buildSettings = {
				BUNDLE_LOADER = "$(TEST_HOST)";
				INFOPLIST_FILE = TouristaTests/Info.plist;
				LD_RUNPATH_SEARCH_PATHS = "$(inherited) @executable_path/Frameworks @loader_path/Frameworks";
				PRODUCT_BUNDLE_IDENTIFIER = org.pinunofuentes.TouristaTests;
				PRODUCT_NAME = "$(TARGET_NAME)";
				TEST_HOST = "$(BUILT_PRODUCTS_DIR)/Tourista.app/Tourista";
			};
			name = Debug;
		};
		D72C9FDF1BBF07A200044CD7 /* Release */ = {
			isa = XCBuildConfiguration;
			buildSettings = {
				BUNDLE_LOADER = "$(TEST_HOST)";
				INFOPLIST_FILE = TouristaTests/Info.plist;
				LD_RUNPATH_SEARCH_PATHS = "$(inherited) @executable_path/Frameworks @loader_path/Frameworks";
				PRODUCT_BUNDLE_IDENTIFIER = org.pinunofuentes.TouristaTests;
				PRODUCT_NAME = "$(TARGET_NAME)";
				TEST_HOST = "$(BUILT_PRODUCTS_DIR)/Tourista.app/Tourista";
			};
			name = Release;
		};
		D72C9FE11BBF07A200044CD7 /* Debug */ = {
			isa = XCBuildConfiguration;
			buildSettings = {
				INFOPLIST_FILE = TouristaUITests/Info.plist;
				LD_RUNPATH_SEARCH_PATHS = "$(inherited) @executable_path/Frameworks @loader_path/Frameworks";
				PRODUCT_BUNDLE_IDENTIFIER = org.pinunofuentes.TouristaUITests;
				PRODUCT_NAME = "$(TARGET_NAME)";
				TEST_TARGET_NAME = Tourista;
				USES_XCTRUNNER = YES;
			};
			name = Debug;
		};
		D72C9FE21BBF07A200044CD7 /* Release */ = {
			isa = XCBuildConfiguration;
			buildSettings = {
				INFOPLIST_FILE = TouristaUITests/Info.plist;
				LD_RUNPATH_SEARCH_PATHS = "$(inherited) @executable_path/Frameworks @loader_path/Frameworks";
				PRODUCT_BUNDLE_IDENTIFIER = org.pinunofuentes.TouristaUITests;
				PRODUCT_NAME = "$(TARGET_NAME)";
				TEST_TARGET_NAME = Tourista;
				USES_XCTRUNNER = YES;
			};
			name = Release;
		};
/* End XCBuildConfiguration section */

/* Begin XCConfigurationList section */
		D72C9FAD1BBF07A200044CD7 /* Build configuration list for PBXProject "Tourista" */ = {
			isa = XCConfigurationList;
			buildConfigurations = (
				D72C9FD81BBF07A200044CD7 /* Debug */,
				D72C9FD91BBF07A200044CD7 /* Release */,
			);
			defaultConfigurationIsVisible = 0;
			defaultConfigurationName = Release;
		};
		D72C9FDA1BBF07A200044CD7 /* Build configuration list for PBXNativeTarget "Tourista" */ = {
			isa = XCConfigurationList;
			buildConfigurations = (
				D72C9FDB1BBF07A200044CD7 /* Debug */,
				D72C9FDC1BBF07A200044CD7 /* Release */,
			);
			defaultConfigurationIsVisible = 0;
			defaultConfigurationName = Release;
		};
		D72C9FDD1BBF07A200044CD7 /* Build configuration list for PBXNativeTarget "TouristaTests" */ = {
			isa = XCConfigurationList;
			buildConfigurations = (
				D72C9FDE1BBF07A200044CD7 /* Debug */,
				D72C9FDF1BBF07A200044CD7 /* Release */,
			);
			defaultConfigurationIsVisible = 0;
			defaultConfigurationName = Release;
		};
		D72C9FE01BBF07A200044CD7 /* Build configuration list for PBXNativeTarget "TouristaUITests" */ = {
			isa = XCConfigurationList;
			buildConfigurations = (
				D72C9FE11BBF07A200044CD7 /* Debug */,
				D72C9FE21BBF07A200044CD7 /* Release */,
			);
			defaultConfigurationIsVisible = 0;
			defaultConfigurationName = Release;
		};
/* End XCConfigurationList section */
	};
	rootObject = D72C9FAA1BBF07A200044CD7 /* Project object */;
}
